
Microsoft Visual Studio Solution File, Format Version 12.00
# Visual Studio Version 16
VisualStudioVersion = 16.0.30114.105
MinimumVisualStudioVersion = 10.0.40219.1
Project("{FAE04EC0-301F-11D3-BF4B-00C04F79EFBC}") = "gestion_pistas_core", "gestion_pistas_core\gestion_pistas_core.csproj", "{B7BD1513-2307-4ABE-8F79-32D899D25317}"
EndProject
Global
	GlobalSection(SolutionConfigurationPlatforms) = preSolution
		Debug|Any CPU = Debug|Any CPU
		Release|Any CPU = Release|Any CPU
	EndGlobalSection
	GlobalSection(ProjectConfigurationPlatforms) = postSolution
		{B7BD1513-2307-4ABE-8F79-32D899D25317}.Debug|Any CPU.ActiveCfg = Debug|Any CPU
		{B7BD1513-2307-4ABE-8F79-32D899D25317}.Debug|Any CPU.Build.0 = Debug|Any CPU
		{B7BD1513-2307-4ABE-8F79-32D899D25317}.Release|Any CPU.ActiveCfg = Release|Any CPU
		{B7BD1513-2307-4ABE-8F79-32D899D25317}.Release|Any CPU.Build.0 = Release|Any CPU
	EndGlobalSection
	GlobalSection(SolutionProperties) = preSolution
		HideSolutionNode = FALSE
	EndGlobalSection
	GlobalSection(ExtensibilityGlobals) = postSolution
		SolutionGuid = {6BC2D845-E639-4ADB-8294-4FB15F950311}
	EndGlobalSection
EndGlobal
